{
    "version": 3,
    "terraform_version": "0.7.11",
    "serial": 2,
    "lineage": "21049f84-383e-437d-b5ed-301d28e3a3a5",
    "modules": [
        {
            "path": [
                "root"
            ],
            "outputs": {},
            "resources": {
                "cloudflare_record.certum_usezen_it": {
                    "type": "cloudflare_record",
                    "depends_on": [],
                    "primary": {
                        "id": "93d9b4692dc5e90c9575edbefa9fb57c",
                        "attributes": {
                            "domain": "usezen.it",
                            "hostname": "usezen.it",
                            "id": "93d9b4692dc5e90c9575edbefa9fb57c",
                            "name": "usezen.it",
                            "priority": "0",
                            "proxied": "false",
                            "ttl": "360",
                            "type": "TXT",
                            "value": "4b88750fb8c3d2c754d350d84a193915",
                            "zone_id": "c7aa1e677b1ee724b79ca0acd2c5768f"
                        },
                        "meta": {
                            "schema_version": "1"
                        },
                        "tainted": false
                    },
                    "deposed": [],
                    "provider": ""
                },
                "cloudflare_record.root_usezen_it": {
                    "type": "cloudflare_record",
                    "depends_on": [],
                    "primary": {
                        "id": "13290d4d9b77945dca434941e910ebd4",
                        "attributes": {
                            "domain": "usezen.it",
                            "hostname": "usezen.it",
                            "id": "13290d4d9b77945dca434941e910ebd4",
                            "name": "usezen.it",
                            "priority": "0",
                            "proxied": "false",
                            "ttl": "360",
                            "type": "CNAME",
                            "value": "usezen.it.herokudns.com",
                            "zone_id": "c7aa1e677b1ee724b79ca0acd2c5768f"
                        },
                        "meta": {
                            "schema_version": "1"
                        },
                        "tainted": false
                    },
                    "deposed": [],
                    "provider": ""
                },
                "cloudflare_record.spf_mail_usezen_it": {
                    "type": "cloudflare_record",
                    "depends_on": [],
                    "primary": {
                        "id": "5a779067ee63b05dd7a5ffeac5eeca32",
                        "attributes": {
                            "domain": "usezen.it",
                            "hostname": "mail.usezen.it",
                            "id": "5a779067ee63b05dd7a5ffeac5eeca32",
                            "name": "mail.usezen.it",
                            "priority": "0",
                            "proxied": "false",
                            "ttl": "360",
                            "type": "TXT",
                            "value": "v=spf1 include:mailgun.org ~all",
                            "zone_id": "c7aa1e677b1ee724b79ca0acd2c5768f"
                        },
                        "meta": {
                            "schema_version": "1"
                        },
                        "tainted": false
                    },
                    "deposed": [],
                    "provider": ""
                },
                "cloudflare_record.wildcard_usezen_it": {
                    "type": "cloudflare_record",
                    "depends_on": [],
                    "primary": {
                        "id": "38041ff14e670f530363039d43c28d97",
                        "attributes": {
                            "domain": "usezen.it",
                            "hostname": "*.usezen.it",
                            "id": "38041ff14e670f530363039d43c28d97",
                            "name": "*.usezen.it",
                            "priority": "0",
                            "proxied": "false",
                            "ttl": "360",
                            "type": "CNAME",
                            "value": "wildcard.usezen.it.herokudns.com",
                            "zone_id": "c7aa1e677b1ee724b79ca0acd2c5768f"
                        },
                        "meta": {
                            "schema_version": "1"
                        },
                        "tainted": false
                    },
                    "deposed": [],
                    "provider": ""
                },
                "cloudflare_record.www_usezen_it": {
                    "type": "cloudflare_record",
                    "depends_on": [],
                    "primary": {
                        "id": "c9274cdf3b82761c79370464ba4f95d0",
                        "attributes": {
                            "domain": "usezen.it",
                            "hostname": "www.usezen.it",
                            "id": "c9274cdf3b82761c79370464ba4f95d0",
                            "name": "www.usezen.it",
                            "priority": "0",
                            "proxied": "false",
                            "ttl": "360",
                            "type": "CNAME",
                            "value": "www.usezen.it.herokudns.com",
                            "zone_id": "c7aa1e677b1ee724b79ca0acd2c5768f"
                        },
                        "meta": {
                            "schema_version": "1"
                        },
                        "tainted": false
                    },
                    "deposed": [],
                    "provider": ""
                }
            },
            "depends_on": []
        }
    ]
}
