{
    "version": 3,
    "terraform_version": "0.9.6",
    "serial": 8,
    "lineage": "21049f84-383e-437d-b5ed-301d28e3a3a5",
    "modules": [
        {
            "path": [
                "root"
            ],
            "outputs": {},
            "resources": {
                "cloudflare_record.certum_usezen_it": {
                    "type": "cloudflare_record",
                    "depends_on": [],
                    "primary": {
                        "id": "93d9b4692dc5e90c9575edbefa9fb57c",
                        "attributes": {
                            "domain": "usezen.it",
                            "hostname": "usezen.it",
                            "id": "93d9b4692dc5e90c9575edbefa9fb57c",
                            "name": "usezen.it",
                            "priority": "0",
                            "proxied": "false",
                            "ttl": "360",
                            "type": "TXT",
                            "value": "4b88750fb8c3d2c754d350d84a193915",
                            "zone_id": "c7aa1e677b1ee724b79ca0acd2c5768f"
                        },
                        "meta": {
                            "schema_version": "1"
                        },
                        "tainted": false
                    },
                    "deposed": [],
                    "provider": ""
                },
                "cloudflare_record.deleteGAPPSnotBefore20170608utc_usezen_it": {
                    "type": "cloudflare_record",
                    "depends_on": [],
                    "primary": {
                        "id": "e0c34fdf0cb8fb1a742f77883ca1a40a",
                        "attributes": {
                            "domain": "usezen.it",
                            "hostname": "deletegappsnotbefore20170608utc.usezen.it",
                            "id": "e0c34fdf0cb8fb1a742f77883ca1a40a",
                            "name": "deleteGAPPSnotBefore20170608utc.usezen.it",
                            "priority": "0",
                            "proxied": "false",
                            "ttl": "360",
                            "type": "CNAME",
                            "value": "case-12892002-for-usezen.it-at.google.com",
                            "zone_id": "c7aa1e677b1ee724b79ca0acd2c5768f"
                        },
                        "meta": {
                            "schema_version": "1"
                        },
                        "tainted": false
                    },
                    "deposed": [],
                    "provider": ""
                },
                "cloudflare_record.dkey_mail_usezen_it": {
                    "type": "cloudflare_record",
                    "depends_on": [],
                    "primary": {
                        "id": "d0e77f7d566fad447ef1b5f41081fcb5",
                        "attributes": {
                            "domain": "usezen.it",
                            "hostname": "mailo._domainkey.mail.usezen.it",
                            "id": "d0e77f7d566fad447ef1b5f41081fcb5",
                            "name": "mailo._domainkey.mail.usezen.it",
                            "priority": "0",
                            "proxied": "false",
                            "ttl": "360",
                            "type": "TXT",
                            "value": "k=rsa; p=MIGfMA0GCSqGSIb3DQEBAQUAA4GNADCBiQKBgQCzHaBAo2jMdBPtuzO3pOrYfVqlaVZMBKOFSr/XGXQmHILuo1Pyg7PDAO9AEp7TSV2GLo3mRyXgGsjFtm6lnYyFLM82zczqAIc2Akq7vE/Rykhb48oRFsyveD55nu1OKq8I1bohWaxLV18pGsGgRJ04DJf3An/7t5AAAGnVPsYhHwIDAQAB",
                            "zone_id": "c7aa1e677b1ee724b79ca0acd2c5768f"
                        },
                        "meta": {
                            "schema_version": "1"
                        },
                        "tainted": false
                    },
                    "deposed": [],
                    "provider": ""
                },
                "cloudflare_record.email_mail_usezen_it": {
                    "type": "cloudflare_record",
                    "depends_on": [],
                    "primary": {
                        "id": "8e6b91a1e485c066cadc526f366f21f3",
                        "attributes": {
                            "domain": "usezen.it",
                            "hostname": "email.mail.usezen.it",
                            "id": "8e6b91a1e485c066cadc526f366f21f3",
                            "name": "email.mail.usezen.it",
                            "priority": "0",
                            "proxied": "false",
                            "ttl": "360",
                            "type": "CNAME",
                            "value": "mailgun.org",
                            "zone_id": "c7aa1e677b1ee724b79ca0acd2c5768f"
                        },
                        "meta": {
                            "schema_version": "1"
                        },
                        "tainted": false
                    },
                    "deposed": [],
                    "provider": ""
                },
                "cloudflare_record.gsuite_veritication_usezen_it": {
                    "type": "cloudflare_record",
                    "depends_on": [],
                    "primary": {
                        "id": "3f6ab6b94af70fec4d54c9fefae7f51a",
                        "attributes": {
                            "domain": "usezen.it",
                            "hostname": "sfo537gpaaqd.usezen.it",
                            "id": "3f6ab6b94af70fec4d54c9fefae7f51a",
                            "name": "sfo537gpaaqd.usezen.it",
                            "priority": "0",
                            "proxied": "false",
                            "ttl": "360",
                            "type": "CNAME",
                            "value": "gv-feitkpzwvdd4hn.dv.googlehosted.com",
                            "zone_id": "c7aa1e677b1ee724b79ca0acd2c5768f"
                        },
                        "meta": {
                            "schema_version": "1"
                        },
                        "tainted": false
                    },
                    "deposed": [],
                    "provider": ""
                },
                "cloudflare_record.mxa_usezen_it": {
                    "type": "cloudflare_record",
                    "depends_on": [],
                    "primary": {
                        "id": "461d827029274a65e3cdd5f5449d53d2",
                        "attributes": {
                            "domain": "usezen.it",
                            "hostname": "mail.usezen.it",
                            "id": "461d827029274a65e3cdd5f5449d53d2",
                            "name": "mail.usezen.it",
                            "priority": "10",
                            "proxied": "false",
                            "ttl": "360",
                            "type": "MX",
                            "value": "mxa.mailgun.org",
                            "zone_id": "c7aa1e677b1ee724b79ca0acd2c5768f"
                        },
                        "meta": {
                            "schema_version": "1"
                        },
                        "tainted": false
                    },
                    "deposed": [],
                    "provider": ""
                },
                "cloudflare_record.mxb_usezen_it": {
                    "type": "cloudflare_record",
                    "depends_on": [],
                    "primary": {
                        "id": "702737de01f840589d6944f936fab155",
                        "attributes": {
                            "domain": "usezen.it",
                            "hostname": "mail.usezen.it",
                            "id": "702737de01f840589d6944f936fab155",
                            "name": "mail.usezen.it",
                            "priority": "10",
                            "proxied": "false",
                            "ttl": "360",
                            "type": "MX",
                            "value": "mxb.mailgun.org",
                            "zone_id": "c7aa1e677b1ee724b79ca0acd2c5768f"
                        },
                        "meta": {
                            "schema_version": "1"
                        },
                        "tainted": false
                    },
                    "deposed": [],
                    "provider": ""
                },
                "cloudflare_record.root_mx1_usezen_it": {
                    "type": "cloudflare_record",
                    "depends_on": [],
                    "primary": {
                        "id": "f293a36c1f20c1184d08a12b3ccdd4de",
                        "attributes": {
                            "domain": "usezen.it",
                            "hostname": "usezen.it",
                            "id": "f293a36c1f20c1184d08a12b3ccdd4de",
                            "name": "usezen.it",
                            "priority": "1",
                            "proxied": "false",
                            "ttl": "360",
                            "type": "MX",
                            "value": "aspmx.l.google.com",
                            "zone_id": "c7aa1e677b1ee724b79ca0acd2c5768f"
                        },
                        "meta": {
                            "schema_version": "1"
                        },
                        "tainted": false
                    },
                    "deposed": [],
                    "provider": ""
                },
                "cloudflare_record.root_mx2_usezen_it": {
                    "type": "cloudflare_record",
                    "depends_on": [],
                    "primary": {
                        "id": "3da67c2b7615dbebcd475e22caef88d5",
                        "attributes": {
                            "domain": "usezen.it",
                            "hostname": "usezen.it",
                            "id": "3da67c2b7615dbebcd475e22caef88d5",
                            "name": "usezen.it",
                            "priority": "5",
                            "proxied": "false",
                            "ttl": "360",
                            "type": "MX",
                            "value": "alt1.aspmx.l.google.com",
                            "zone_id": "c7aa1e677b1ee724b79ca0acd2c5768f"
                        },
                        "meta": {
                            "schema_version": "1"
                        },
                        "tainted": false
                    },
                    "deposed": [],
                    "provider": ""
                },
                "cloudflare_record.root_mx3_usezen_it": {
                    "type": "cloudflare_record",
                    "depends_on": [],
                    "primary": {
                        "id": "6b1dd286e2b9833f977bfe3f1918258c",
                        "attributes": {
                            "domain": "usezen.it",
                            "hostname": "usezen.it",
                            "id": "6b1dd286e2b9833f977bfe3f1918258c",
                            "name": "usezen.it",
                            "priority": "5",
                            "proxied": "false",
                            "ttl": "360",
                            "type": "MX",
                            "value": "alt2.aspmx.l.google.com",
                            "zone_id": "c7aa1e677b1ee724b79ca0acd2c5768f"
                        },
                        "meta": {
                            "schema_version": "1"
                        },
                        "tainted": false
                    },
                    "deposed": [],
                    "provider": ""
                },
                "cloudflare_record.root_mx4_usezen_it": {
                    "type": "cloudflare_record",
                    "depends_on": [],
                    "primary": {
                        "id": "d6246d728ebcc421503f0a7b1a033c40",
                        "attributes": {
                            "domain": "usezen.it",
                            "hostname": "usezen.it",
                            "id": "d6246d728ebcc421503f0a7b1a033c40",
                            "name": "usezen.it",
                            "priority": "10",
                            "proxied": "false",
                            "ttl": "360",
                            "type": "MX",
                            "value": "aspmx2.googlemail.com",
                            "zone_id": "c7aa1e677b1ee724b79ca0acd2c5768f"
                        },
                        "meta": {
                            "schema_version": "1"
                        },
                        "tainted": false
                    },
                    "deposed": [],
                    "provider": ""
                },
                "cloudflare_record.root_mx5_usezen_it": {
                    "type": "cloudflare_record",
                    "depends_on": [],
                    "primary": {
                        "id": "e450751aad357b00154b15dba6560743",
                        "attributes": {
                            "domain": "usezen.it",
                            "hostname": "usezen.it",
                            "id": "e450751aad357b00154b15dba6560743",
                            "name": "usezen.it",
                            "priority": "10",
                            "proxied": "false",
                            "ttl": "360",
                            "type": "MX",
                            "value": "aspmx3.googlemail.com",
                            "zone_id": "c7aa1e677b1ee724b79ca0acd2c5768f"
                        },
                        "meta": {
                            "schema_version": "1"
                        },
                        "tainted": false
                    },
                    "deposed": [],
                    "provider": ""
                },
                "cloudflare_record.root_usezen_it": {
                    "type": "cloudflare_record",
                    "depends_on": [],
                    "primary": {
                        "id": "13290d4d9b77945dca434941e910ebd4",
                        "attributes": {
                            "domain": "usezen.it",
                            "hostname": "usezen.it",
                            "id": "13290d4d9b77945dca434941e910ebd4",
                            "name": "usezen.it",
                            "priority": "0",
                            "proxied": "false",
                            "ttl": "360",
                            "type": "CNAME",
                            "value": "usezen.it.herokudns.com",
                            "zone_id": "c7aa1e677b1ee724b79ca0acd2c5768f"
                        },
                        "meta": {
                            "schema_version": "1"
                        },
                        "tainted": false
                    },
                    "deposed": [],
                    "provider": ""
                },
                "cloudflare_record.spf_mail_usezen_it": {
                    "type": "cloudflare_record",
                    "depends_on": [],
                    "primary": {
                        "id": "5a779067ee63b05dd7a5ffeac5eeca32",
                        "attributes": {
                            "domain": "usezen.it",
                            "hostname": "mail.usezen.it",
                            "id": "5a779067ee63b05dd7a5ffeac5eeca32",
                            "name": "mail.usezen.it",
                            "priority": "0",
                            "proxied": "false",
                            "ttl": "360",
                            "type": "TXT",
                            "value": "v=spf1 include:mailgun.org ~all",
                            "zone_id": "c7aa1e677b1ee724b79ca0acd2c5768f"
                        },
                        "meta": {
                            "schema_version": "1"
                        },
                        "tainted": false
                    },
                    "deposed": [],
                    "provider": ""
                },
                "cloudflare_record.spf_usezen_it": {
                    "type": "cloudflare_record",
                    "depends_on": [],
                    "primary": {
                        "id": "80a934d9b9d60d076c245ca56aac7532",
                        "attributes": {
                            "domain": "usezen.it",
                            "hostname": "usezen.it",
                            "id": "80a934d9b9d60d076c245ca56aac7532",
                            "name": "usezen.it",
                            "priority": "0",
                            "proxied": "false",
                            "ttl": "360",
                            "type": "TXT",
                            "value": "v=spf1 include:mailgun.org ~all",
                            "zone_id": "c7aa1e677b1ee724b79ca0acd2c5768f"
                        },
                        "meta": {
                            "schema_version": "1"
                        },
                        "tainted": false
                    },
                    "deposed": [],
                    "provider": ""
                },
                "cloudflare_record.wildcard_usezen_it": {
                    "type": "cloudflare_record",
                    "depends_on": [],
                    "primary": {
                        "id": "38041ff14e670f530363039d43c28d97",
                        "attributes": {
                            "domain": "usezen.it",
                            "hostname": "*.usezen.it",
                            "id": "38041ff14e670f530363039d43c28d97",
                            "name": "*.usezen.it",
                            "priority": "0",
                            "proxied": "false",
                            "ttl": "360",
                            "type": "CNAME",
                            "value": "wildcard.usezen.it.herokudns.com",
                            "zone_id": "c7aa1e677b1ee724b79ca0acd2c5768f"
                        },
                        "meta": {
                            "schema_version": "1"
                        },
                        "tainted": false
                    },
                    "deposed": [],
                    "provider": ""
                },
                "cloudflare_record.www_usezen_it": {
                    "type": "cloudflare_record",
                    "depends_on": [],
                    "primary": {
                        "id": "c9274cdf3b82761c79370464ba4f95d0",
                        "attributes": {
                            "domain": "usezen.it",
                            "hostname": "www.usezen.it",
                            "id": "c9274cdf3b82761c79370464ba4f95d0",
                            "name": "www.usezen.it",
                            "priority": "0",
                            "proxied": "false",
                            "ttl": "360",
                            "type": "CNAME",
                            "value": "www.usezen.it.herokudns.com",
                            "zone_id": "c7aa1e677b1ee724b79ca0acd2c5768f"
                        },
                        "meta": {
                            "schema_version": "1"
                        },
                        "tainted": false
                    },
                    "deposed": [],
                    "provider": ""
                }
            },
            "depends_on": []
        }
    ]
}
