{
    "version": 3,
    "terraform_version": "0.7.11",
    "serial": 0,
    "lineage": "4c3745e9-ab22-4cee-8e65-161009210cae",
    "modules": [
        {
            "path": [
                "root"
            ],
            "outputs": {},
            "resources": {
                "cloudflare_record.root_usezen_it": {
                    "type": "cloudflare_record",
                    "depends_on": [],
                    "primary": {
                        "id": "80041b4f5ff20b37590554c0963ab9d1",
                        "attributes": {
                            "domain": "usezen.it",
                            "hostname": "usezen.it",
                            "id": "80041b4f5ff20b37590554c0963ab9d1",
                            "name": "usezen.it",
                            "priority": "0",
                            "proxied": "false",
                            "ttl": "360",
                            "type": "CNAME",
                            "value": "usezen.it.herokudns.com",
                            "zone_id": "c7aa1e677b1ee724b79ca0acd2c5768f"
                        },
                        "meta": {
                            "schema_version": "1"
                        },
                        "tainted": false
                    },
                    "deposed": [],
                    "provider": ""
                },
                "cloudflare_record.txt_usezen_it": {
                    "type": "cloudflare_record",
                    "depends_on": [],
                    "primary": {
                        "id": "b56a9910d578ae95726049dbc430aeeb",
                        "attributes": {
                            "domain": "usezen.it",
                            "hostname": "usezen.it",
                            "id": "b56a9910d578ae95726049dbc430aeeb",
                            "name": "usezen.it",
                            "priority": "0",
                            "proxied": "false",
                            "ttl": "360",
                            "type": "TXT",
                            "value": "4b88750fb8c3d2c754d350d84a193915",
                            "zone_id": "c7aa1e677b1ee724b79ca0acd2c5768f"
                        },
                        "meta": {
                            "schema_version": "1"
                        },
                        "tainted": false
                    },
                    "deposed": [],
                    "provider": ""
                },
                "cloudflare_record.wildcard_usezen_it": {
                    "type": "cloudflare_record",
                    "depends_on": [],
                    "primary": {
                        "id": "430a822d318d2c126cea7c84b7359b26",
                        "attributes": {
                            "domain": "usezen.it",
                            "hostname": "*.usezen.it",
                            "id": "430a822d318d2c126cea7c84b7359b26",
                            "name": "*.usezen.it",
                            "priority": "0",
                            "proxied": "false",
                            "ttl": "360",
                            "type": "CNAME",
                            "value": "wildcard.usezen.it.herokudns.com",
                            "zone_id": "c7aa1e677b1ee724b79ca0acd2c5768f"
                        },
                        "meta": {
                            "schema_version": "1"
                        },
                        "tainted": false
                    },
                    "deposed": [],
                    "provider": ""
                },
                "cloudflare_record.www_usezen_it": {
                    "type": "cloudflare_record",
                    "depends_on": [],
                    "primary": {
                        "id": "b8e79e87dc84d8f4e4c8632c307abc23",
                        "attributes": {
                            "domain": "usezen.it",
                            "hostname": "www.usezen.it",
                            "id": "b8e79e87dc84d8f4e4c8632c307abc23",
                            "name": "www.usezen.it",
                            "priority": "0",
                            "proxied": "false",
                            "ttl": "360",
                            "type": "CNAME",
                            "value": "www.usezen.it.herokudns.com",
                            "zone_id": "c7aa1e677b1ee724b79ca0acd2c5768f"
                        },
                        "meta": {
                            "schema_version": "1"
                        },
                        "tainted": false
                    },
                    "deposed": [],
                    "provider": ""
                }
            },
            "depends_on": []
        }
    ]
}
